
Microsoft Visual Studio Solution File, Format Version 12.00
# Visual Studio Version 16
VisualStudioVersion = 16.0.30104.148
MinimumVisualStudioVersion = 10.0.40219.1
Project("{FAE04EC0-301F-11D3-BF4B-00C04F79EFBC}") = "Securibox.ParseXtract", "src\Securibox.ParseXtract\Securibox.ParseXtract.csproj", "{C9B7835F-40D3-4105-84D8-9E6CD57F1E39}"
EndProject
Project("{FAE04EC0-301F-11D3-BF4B-00C04F79EFBC}") = "Securibox.ParseXtract.Tests", "tests\Securibox.ParseXtract.Tests\Securibox.ParseXtract.Tests.csproj", "{0E139E01-E219-412B-9D29-9802C4DAB545}"
EndProject
Global
	GlobalSection(SolutionConfigurationPlatforms) = preSolution
		Debug|Any CPU = Debug|Any CPU
		Release|Any CPU = Release|Any CPU
	EndGlobalSection
	GlobalSection(ProjectConfigurationPlatforms) = postSolution
		{C9B7835F-40D3-4105-84D8-9E6CD57F1E39}.Debug|Any CPU.ActiveCfg = Debug|Any CPU
		{C9B7835F-40D3-4105-84D8-9E6CD57F1E39}.Debug|Any CPU.Build.0 = Debug|Any CPU
		{C9B7835F-40D3-4105-84D8-9E6CD57F1E39}.Release|Any CPU.ActiveCfg = Release|Any CPU
		{C9B7835F-40D3-4105-84D8-9E6CD57F1E39}.Release|Any CPU.Build.0 = Release|Any CPU
		{0E139E01-E219-412B-9D29-9802C4DAB545}.Debug|Any CPU.ActiveCfg = Debug|Any CPU
		{0E139E01-E219-412B-9D29-9802C4DAB545}.Debug|Any CPU.Build.0 = Debug|Any CPU
		{0E139E01-E219-412B-9D29-9802C4DAB545}.Release|Any CPU.ActiveCfg = Release|Any CPU
		{0E139E01-E219-412B-9D29-9802C4DAB545}.Release|Any CPU.Build.0 = Release|Any CPU
	EndGlobalSection
	GlobalSection(SolutionProperties) = preSolution
		HideSolutionNode = FALSE
	EndGlobalSection
	GlobalSection(ExtensibilityGlobals) = postSolution
		SolutionGuid = {DF8719EF-62B5-4E1C-B538-AAD257522FCA}
	EndGlobalSection
EndGlobal
